
Microsoft Visual Studio Solution File, Format Version 12.00
# Visual Studio Version 17
VisualStudioVersion = 17.6.33829.357
MinimumVisualStudioVersion = 10.0.40219.1
Project("{9A19103F-16F7-4668-BE54-9A1E7A4F7556}") = "PetShopSystem", "PetShopSystem.csproj", "{16B7635F-8D11-4715-9D2C-BE3C870D214E}"
EndProject
Project("{FAE04EC0-301F-11D3-BF4B-00C04F79EFBC}") = "PetShopSystem.UnitTests", "..\PetShopSystem.UnitTests\PetShopSystem.UnitTests.csproj", "{D6399C8B-2DA8-4815-A55F-FD0CA7291386}"
EndProject
Global
	GlobalSection(SolutionConfigurationPlatforms) = preSolution
		Debug|Any CPU = Debug|Any CPU
		Release|Any CPU = Release|Any CPU
	EndGlobalSection
	GlobalSection(ProjectConfigurationPlatforms) = postSolution
		{16B7635F-8D11-4715-9D2C-BE3C870D214E}.Debug|Any CPU.ActiveCfg = Debug|Any CPU
		{16B7635F-8D11-4715-9D2C-BE3C870D214E}.Debug|Any CPU.Build.0 = Debug|Any CPU
		{16B7635F-8D11-4715-9D2C-BE3C870D214E}.Release|Any CPU.ActiveCfg = Release|Any CPU
		{16B7635F-8D11-4715-9D2C-BE3C870D214E}.Release|Any CPU.Build.0 = Release|Any CPU
		{D6399C8B-2DA8-4815-A55F-FD0CA7291386}.Debug|Any CPU.ActiveCfg = Debug|Any CPU
		{D6399C8B-2DA8-4815-A55F-FD0CA7291386}.Debug|Any CPU.Build.0 = Debug|Any CPU
		{D6399C8B-2DA8-4815-A55F-FD0CA7291386}.Release|Any CPU.ActiveCfg = Release|Any CPU
		{D6399C8B-2DA8-4815-A55F-FD0CA7291386}.Release|Any CPU.Build.0 = Release|Any CPU
	EndGlobalSection
	GlobalSection(SolutionProperties) = preSolution
		HideSolutionNode = FALSE
	EndGlobalSection
	GlobalSection(ExtensibilityGlobals) = postSolution
		SolutionGuid = {D85745FB-5876-4E98-B57B-7AA70956E327}
	EndGlobalSection
EndGlobal
